
Microsoft Visual Studio Solution File, Format Version 12.00
# Visual Studio Version 16
VisualStudioVersion = 16.0.29728.190
MinimumVisualStudioVersion = 10.0.40219.1
Project("{2150E333-8FDC-42A3-9474-1A3956D46DE8}") = "Domain", "Domain", "{2A04DBA1-FA10-4271-B3F3-26CACB3BFC0A}"
EndProject
Project("{2150E333-8FDC-42A3-9474-1A3956D46DE8}") = "Application", "Application", "{B9626BA4-39EC-4A16-9779-91381A0EF3B5}"
EndProject
Project("{2150E333-8FDC-42A3-9474-1A3956D46DE8}") = "Presentation", "Presentation", "{B8A85247-9C80-469D-9FD9-1C8761318188}"
EndProject
Project("{2150E333-8FDC-42A3-9474-1A3956D46DE8}") = "Infra.IoC", "Infra.IoC", "{05D40776-F965-4A5A-A009-90E13BF1A3C3}"
EndProject
Project("{2150E333-8FDC-42A3-9474-1A3956D46DE8}") = "Infra.Data", "Infra.Data", "{95A7E423-B688-4458-869B-4471F4BE3516}"
EndProject
Project("{FAE04EC0-301F-11D3-BF4B-00C04F79EFBC}") = "CleanArch.Mvc", "CleanArch.Mvc\CleanArch.Mvc.csproj", "{949F3A3A-0400-4999-B313-8E22AA4AFC1D}"
EndProject
Project("{FAE04EC0-301F-11D3-BF4B-00C04F79EFBC}") = "CleanArch.Domain", "CleanArch.Domain\CleanArch.Domain.csproj", "{926F19E8-EC74-462E-BE74-64A4366D4A0F}"
EndProject
Project("{FAE04EC0-301F-11D3-BF4B-00C04F79EFBC}") = "CleanArch.Infra.Data", "CleanArch.Infra.Data\CleanArch.Infra.Data.csproj", "{D11694DE-9D79-4FBE-B435-564E66F97CD8}"
EndProject
Global
	GlobalSection(SolutionConfigurationPlatforms) = preSolution
		Debug|Any CPU = Debug|Any CPU
		Release|Any CPU = Release|Any CPU
	EndGlobalSection
	GlobalSection(ProjectConfigurationPlatforms) = postSolution
		{949F3A3A-0400-4999-B313-8E22AA4AFC1D}.Debug|Any CPU.ActiveCfg = Debug|Any CPU
		{949F3A3A-0400-4999-B313-8E22AA4AFC1D}.Debug|Any CPU.Build.0 = Debug|Any CPU
		{949F3A3A-0400-4999-B313-8E22AA4AFC1D}.Release|Any CPU.ActiveCfg = Release|Any CPU
		{949F3A3A-0400-4999-B313-8E22AA4AFC1D}.Release|Any CPU.Build.0 = Release|Any CPU
		{926F19E8-EC74-462E-BE74-64A4366D4A0F}.Debug|Any CPU.ActiveCfg = Debug|Any CPU
		{926F19E8-EC74-462E-BE74-64A4366D4A0F}.Debug|Any CPU.Build.0 = Debug|Any CPU
		{926F19E8-EC74-462E-BE74-64A4366D4A0F}.Release|Any CPU.ActiveCfg = Release|Any CPU
		{926F19E8-EC74-462E-BE74-64A4366D4A0F}.Release|Any CPU.Build.0 = Release|Any CPU
		{D11694DE-9D79-4FBE-B435-564E66F97CD8}.Debug|Any CPU.ActiveCfg = Debug|Any CPU
		{D11694DE-9D79-4FBE-B435-564E66F97CD8}.Debug|Any CPU.Build.0 = Debug|Any CPU
		{D11694DE-9D79-4FBE-B435-564E66F97CD8}.Release|Any CPU.ActiveCfg = Release|Any CPU
		{D11694DE-9D79-4FBE-B435-564E66F97CD8}.Release|Any CPU.Build.0 = Release|Any CPU
	EndGlobalSection
	GlobalSection(SolutionProperties) = preSolution
		HideSolutionNode = FALSE
	EndGlobalSection
	GlobalSection(NestedProjects) = preSolution
		{949F3A3A-0400-4999-B313-8E22AA4AFC1D} = {B8A85247-9C80-469D-9FD9-1C8761318188}
		{926F19E8-EC74-462E-BE74-64A4366D4A0F} = {2A04DBA1-FA10-4271-B3F3-26CACB3BFC0A}
		{D11694DE-9D79-4FBE-B435-564E66F97CD8} = {95A7E423-B688-4458-869B-4471F4BE3516}
	EndGlobalSection
	GlobalSection(ExtensibilityGlobals) = postSolution
		SolutionGuid = {2636B2DE-0752-404A-B5A2-B0622FB4BCC3}
	EndGlobalSection
EndGlobal
